
Microsoft Visual Studio Solution File, Format Version 12.00
# Visual Studio Version 17
VisualStudioVersion = 17.5.33502.453
MinimumVisualStudioVersion = 10.0.40219.1
Project("{FAE04EC0-301F-11D3-BF4B-00C04F79EFBC}") = "hotels2", "hotels2.csproj", "{F4070A3E-D988-405A-841F-448AE534249E}"
EndProject
Global
	GlobalSection(SolutionConfigurationPlatforms) = preSolution
		Debug|Any CPU = Debug|Any CPU
		Release|Any CPU = Release|Any CPU
	EndGlobalSection
	GlobalSection(ProjectConfigurationPlatforms) = postSolution
		{F4070A3E-D988-405A-841F-448AE534249E}.Debug|Any CPU.ActiveCfg = Debug|Any CPU
		{F4070A3E-D988-405A-841F-448AE534249E}.Debug|Any CPU.Build.0 = Debug|Any CPU
		{F4070A3E-D988-405A-841F-448AE534249E}.Release|Any CPU.ActiveCfg = Release|Any CPU
		{F4070A3E-D988-405A-841F-448AE534249E}.Release|Any CPU.Build.0 = Release|Any CPU
	EndGlobalSection
	GlobalSection(SolutionProperties) = preSolution
		HideSolutionNode = FALSE
	EndGlobalSection
	GlobalSection(ExtensibilityGlobals) = postSolution
		SolutionGuid = {EFF817AA-BD45-4715-97F0-98C202C4BB01}
	EndGlobalSection
EndGlobal
